
Microsoft Visual Studio Solution File, Format Version 12.00
# Visual Studio Version 17
VisualStudioVersion = 17.0.31919.166
MinimumVisualStudioVersion = 10.0.40219.1
Project("{FAE04EC0-301F-11D3-BF4B-00C04F79EFBC}") = "observer design pattern", "observer design pattern\observer design pattern.csproj", "{075193FF-9E37-4406-A23B-59D648E77A5E}"
EndProject
Global
	GlobalSection(SolutionConfigurationPlatforms) = preSolution
		Debug|Any CPU = Debug|Any CPU
		Release|Any CPU = Release|Any CPU
	EndGlobalSection
	GlobalSection(ProjectConfigurationPlatforms) = postSolution
		{075193FF-9E37-4406-A23B-59D648E77A5E}.Debug|Any CPU.ActiveCfg = Debug|Any CPU
		{075193FF-9E37-4406-A23B-59D648E77A5E}.Debug|Any CPU.Build.0 = Debug|Any CPU
		{075193FF-9E37-4406-A23B-59D648E77A5E}.Release|Any CPU.ActiveCfg = Release|Any CPU
		{075193FF-9E37-4406-A23B-59D648E77A5E}.Release|Any CPU.Build.0 = Release|Any CPU
	EndGlobalSection
	GlobalSection(SolutionProperties) = preSolution
		HideSolutionNode = FALSE
	EndGlobalSection
	GlobalSection(ExtensibilityGlobals) = postSolution
		SolutionGuid = {3A54B099-4F7D-45DF-B00C-4F959B60C9F4}
	EndGlobalSection
EndGlobal
